
Microsoft Visual Studio Solution File, Format Version 12.00
# Visual Studio 2013
VisualStudioVersion = 12.0.31101.0
MinimumVisualStudioVersion = 10.0.40219.1
Project("{8BC9CEB8-8B4A-11D0-8D11-00A0C91BC942}") = "libdeemon", "libdeemon.vcxproj", "{86D226C5-EF62-4562-AC06-E6A753DFA7CF}"
EndProject
Project("{8BC9CEB8-8B4A-11D0-8D11-00A0C91BC942}") = "deemon", "deemon.vcxproj", "{B66F916D-44DB-4F6C-88F2-41C17AEFDF74}"
	ProjectSection(ProjectDependencies) = postProject
		{86D226C5-EF62-4562-AC06-E6A753DFA7CF} = {86D226C5-EF62-4562-AC06-E6A753DFA7CF}
	EndProjectSection
EndProject
Project("{2150E333-8FDC-42A3-9474-1A3956D46DE8}") = "dex", "dex", "{08B640D5-38D2-4676-9D4D-7414767ABD99}"
EndProject
Project("{8BC9CEB8-8B4A-11D0-8D11-00A0C91BC942}") = "_zlib", "_zlib.vcxproj", "{8DF273B3-607D-45F2-A153-8760B44E1041}"
	ProjectSection(ProjectDependencies) = postProject
		{86D226C5-EF62-4562-AC06-E6A753DFA7CF} = {86D226C5-EF62-4562-AC06-E6A753DFA7CF}
	EndProjectSection
EndProject
Project("{8BC9CEB8-8B4A-11D0-8D11-00A0C91BC942}") = "_micapi", "_micapi.vcxproj", "{43F0E268-3D7A-41FF-BACD-9C2D93256F87}"
	ProjectSection(ProjectDependencies) = postProject
		{86D226C5-EF62-4562-AC06-E6A753DFA7CF} = {86D226C5-EF62-4562-AC06-E6A753DFA7CF}
	EndProjectSection
EndProject
Project("{8BC9CEB8-8B4A-11D0-8D11-00A0C91BC942}") = "_errno", "_errno.vcxproj", "{63069636-56AD-4A3F-A83B-B6A3EA16998A}"
	ProjectSection(ProjectDependencies) = postProject
		{86D226C5-EF62-4562-AC06-E6A753DFA7CF} = {86D226C5-EF62-4562-AC06-E6A753DFA7CF}
	EndProjectSection
EndProject
Project("{8BC9CEB8-8B4A-11D0-8D11-00A0C91BC942}") = "_debugger", "_debugger.vcxproj", "{E133B172-30B7-4F83-A22C-1712C090C47D}"
	ProjectSection(ProjectDependencies) = postProject
		{86D226C5-EF62-4562-AC06-E6A753DFA7CF} = {86D226C5-EF62-4562-AC06-E6A753DFA7CF}
	EndProjectSection
EndProject
Project("{8BC9CEB8-8B4A-11D0-8D11-00A0C91BC942}") = "_curses", "_curses.vcxproj", "{EB731EF0-9721-4E53-9A49-8CC72E1F504E}"
	ProjectSection(ProjectDependencies) = postProject
		{86D226C5-EF62-4562-AC06-E6A753DFA7CF} = {86D226C5-EF62-4562-AC06-E6A753DFA7CF}
	EndProjectSection
EndProject
Project("{8BC9CEB8-8B4A-11D0-8D11-00A0C91BC942}") = "_crypt", "_crypt.vcxproj", "{3BC19B52-85BF-41CF-B61B-F4C5E44DABAF}"
	ProjectSection(ProjectDependencies) = postProject
		{86D226C5-EF62-4562-AC06-E6A753DFA7CF} = {86D226C5-EF62-4562-AC06-E6A753DFA7CF}
	EndProjectSection
EndProject
Project("{8BC9CEB8-8B4A-11D0-8D11-00A0C91BC942}") = "_hashlib", "_hashlib.vcxproj", "{96E849C4-2F95-4B2F-B1A6-8CB1D5406C94}"
	ProjectSection(ProjectDependencies) = postProject
		{86D226C5-EF62-4562-AC06-E6A753DFA7CF} = {86D226C5-EF62-4562-AC06-E6A753DFA7CF}
	EndProjectSection
EndProject
Project("{8BC9CEB8-8B4A-11D0-8D11-00A0C91BC942}") = "_docgen", "_docgen.vcxproj", "{CB96A64C-3550-4E31-9A45-486319BD745F}"
	ProjectSection(ProjectDependencies) = postProject
		{86D226C5-EF62-4562-AC06-E6A753DFA7CF} = {86D226C5-EF62-4562-AC06-E6A753DFA7CF}
	EndProjectSection
EndProject
Project("{8BC9CEB8-8B4A-11D0-8D11-00A0C91BC942}") = "_marshal", "_marshal.vcxproj", "{7E6ACB00-826D-4457-8914-CDDFD5B59DCC}"
	ProjectSection(ProjectDependencies) = postProject
		{86D226C5-EF62-4562-AC06-E6A753DFA7CF} = {86D226C5-EF62-4562-AC06-E6A753DFA7CF}
	EndProjectSection
EndProject
Project("{8BC9CEB8-8B4A-11D0-8D11-00A0C91BC942}") = "_system", "_system.vcxproj", "{0E833182-0539-48DE-B4B6-7755A6D7EC77}"
	ProjectSection(ProjectDependencies) = postProject
		{86D226C5-EF62-4562-AC06-E6A753DFA7CF} = {86D226C5-EF62-4562-AC06-E6A753DFA7CF}
	EndProjectSection
EndProject
Project("{8BC9CEB8-8B4A-11D0-8D11-00A0C91BC942}") = "_sequence", "_sequence.vcxproj", "{8FA001A9-6274-4B34-AD76-49DA7B2D9AD6}"
	ProjectSection(ProjectDependencies) = postProject
		{86D226C5-EF62-4562-AC06-E6A753DFA7CF} = {86D226C5-EF62-4562-AC06-E6A753DFA7CF}
	EndProjectSection
EndProject
Project("{8BC9CEB8-8B4A-11D0-8D11-00A0C91BC942}") = "_gfx", "_gfx.vcxproj", "{304F9867-4AF0-4C70-BAA9-DEF4E7F5C0E1}"
	ProjectSection(ProjectDependencies) = postProject
		{86D226C5-EF62-4562-AC06-E6A753DFA7CF} = {86D226C5-EF62-4562-AC06-E6A753DFA7CF}
	EndProjectSection
EndProject
Global
	GlobalSection(SolutionConfigurationPlatforms) = preSolution
		Debug|Win32 = Debug|Win32
		Debug|x64 = Debug|x64
		Release|Win32 = Release|Win32
		Release|x64 = Release|x64
	EndGlobalSection
	GlobalSection(ProjectConfigurationPlatforms) = postSolution
		{86D226C5-EF62-4562-AC06-E6A753DFA7CF}.Debug|Win32.ActiveCfg = Debug|Win32
		{86D226C5-EF62-4562-AC06-E6A753DFA7CF}.Debug|Win32.Build.0 = Debug|Win32
		{86D226C5-EF62-4562-AC06-E6A753DFA7CF}.Debug|x64.ActiveCfg = Debug|x64
		{86D226C5-EF62-4562-AC06-E6A753DFA7CF}.Debug|x64.Build.0 = Debug|x64
		{86D226C5-EF62-4562-AC06-E6A753DFA7CF}.Release|Win32.ActiveCfg = Release|Win32
		{86D226C5-EF62-4562-AC06-E6A753DFA7CF}.Release|Win32.Build.0 = Release|Win32
		{86D226C5-EF62-4562-AC06-E6A753DFA7CF}.Release|x64.ActiveCfg = Release|x64
		{86D226C5-EF62-4562-AC06-E6A753DFA7CF}.Release|x64.Build.0 = Release|x64
		{B66F916D-44DB-4F6C-88F2-41C17AEFDF74}.Debug|Win32.ActiveCfg = Debug|Win32
		{B66F916D-44DB-4F6C-88F2-41C17AEFDF74}.Debug|Win32.Build.0 = Debug|Win32
		{B66F916D-44DB-4F6C-88F2-41C17AEFDF74}.Debug|x64.ActiveCfg = Debug|x64
		{B66F916D-44DB-4F6C-88F2-41C17AEFDF74}.Debug|x64.Build.0 = Debug|x64
		{B66F916D-44DB-4F6C-88F2-41C17AEFDF74}.Release|Win32.ActiveCfg = Release|Win32
		{B66F916D-44DB-4F6C-88F2-41C17AEFDF74}.Release|Win32.Build.0 = Release|Win32
		{B66F916D-44DB-4F6C-88F2-41C17AEFDF74}.Release|x64.ActiveCfg = Release|x64
		{B66F916D-44DB-4F6C-88F2-41C17AEFDF74}.Release|x64.Build.0 = Release|x64
		{8DF273B3-607D-45F2-A153-8760B44E1041}.Debug|Win32.ActiveCfg = Debug|Win32
		{8DF273B3-607D-45F2-A153-8760B44E1041}.Debug|Win32.Build.0 = Debug|Win32
		{8DF273B3-607D-45F2-A153-8760B44E1041}.Debug|x64.ActiveCfg = Debug|x64
		{8DF273B3-607D-45F2-A153-8760B44E1041}.Debug|x64.Build.0 = Debug|x64
		{8DF273B3-607D-45F2-A153-8760B44E1041}.Release|Win32.ActiveCfg = Release|Win32
		{8DF273B3-607D-45F2-A153-8760B44E1041}.Release|Win32.Build.0 = Release|Win32
		{8DF273B3-607D-45F2-A153-8760B44E1041}.Release|x64.ActiveCfg = Release|x64
		{8DF273B3-607D-45F2-A153-8760B44E1041}.Release|x64.Build.0 = Release|x64
		{43F0E268-3D7A-41FF-BACD-9C2D93256F87}.Debug|Win32.ActiveCfg = Debug|Win32
		{43F0E268-3D7A-41FF-BACD-9C2D93256F87}.Debug|Win32.Build.0 = Debug|Win32
		{43F0E268-3D7A-41FF-BACD-9C2D93256F87}.Debug|x64.ActiveCfg = Debug|x64
		{43F0E268-3D7A-41FF-BACD-9C2D93256F87}.Debug|x64.Build.0 = Debug|x64
		{43F0E268-3D7A-41FF-BACD-9C2D93256F87}.Release|Win32.ActiveCfg = Release|Win32
		{43F0E268-3D7A-41FF-BACD-9C2D93256F87}.Release|Win32.Build.0 = Release|Win32
		{43F0E268-3D7A-41FF-BACD-9C2D93256F87}.Release|x64.ActiveCfg = Release|x64
		{43F0E268-3D7A-41FF-BACD-9C2D93256F87}.Release|x64.Build.0 = Release|x64
		{63069636-56AD-4A3F-A83B-B6A3EA16998A}.Debug|Win32.ActiveCfg = Debug|Win32
		{63069636-56AD-4A3F-A83B-B6A3EA16998A}.Debug|Win32.Build.0 = Debug|Win32
		{63069636-56AD-4A3F-A83B-B6A3EA16998A}.Debug|x64.ActiveCfg = Debug|x64
		{63069636-56AD-4A3F-A83B-B6A3EA16998A}.Debug|x64.Build.0 = Debug|x64
		{63069636-56AD-4A3F-A83B-B6A3EA16998A}.Release|Win32.ActiveCfg = Release|Win32
		{63069636-56AD-4A3F-A83B-B6A3EA16998A}.Release|Win32.Build.0 = Release|Win32
		{63069636-56AD-4A3F-A83B-B6A3EA16998A}.Release|x64.ActiveCfg = Release|x64
		{63069636-56AD-4A3F-A83B-B6A3EA16998A}.Release|x64.Build.0 = Release|x64
		{E133B172-30B7-4F83-A22C-1712C090C47D}.Debug|Win32.ActiveCfg = Debug|Win32
		{E133B172-30B7-4F83-A22C-1712C090C47D}.Debug|Win32.Build.0 = Debug|Win32
		{E133B172-30B7-4F83-A22C-1712C090C47D}.Debug|x64.ActiveCfg = Debug|x64
		{E133B172-30B7-4F83-A22C-1712C090C47D}.Debug|x64.Build.0 = Debug|x64
		{E133B172-30B7-4F83-A22C-1712C090C47D}.Release|Win32.ActiveCfg = Release|Win32
		{E133B172-30B7-4F83-A22C-1712C090C47D}.Release|Win32.Build.0 = Release|Win32
		{E133B172-30B7-4F83-A22C-1712C090C47D}.Release|x64.ActiveCfg = Release|x64
		{E133B172-30B7-4F83-A22C-1712C090C47D}.Release|x64.Build.0 = Release|x64
		{EB731EF0-9721-4E53-9A49-8CC72E1F504E}.Debug|Win32.ActiveCfg = Debug|Win32
		{EB731EF0-9721-4E53-9A49-8CC72E1F504E}.Debug|Win32.Build.0 = Debug|Win32
		{EB731EF0-9721-4E53-9A49-8CC72E1F504E}.Debug|x64.ActiveCfg = Debug|x64
		{EB731EF0-9721-4E53-9A49-8CC72E1F504E}.Debug|x64.Build.0 = Debug|x64
		{EB731EF0-9721-4E53-9A49-8CC72E1F504E}.Release|Win32.ActiveCfg = Release|Win32
		{EB731EF0-9721-4E53-9A49-8CC72E1F504E}.Release|Win32.Build.0 = Release|Win32
		{EB731EF0-9721-4E53-9A49-8CC72E1F504E}.Release|x64.ActiveCfg = Release|x64
		{EB731EF0-9721-4E53-9A49-8CC72E1F504E}.Release|x64.Build.0 = Release|x64
		{3BC19B52-85BF-41CF-B61B-F4C5E44DABAF}.Debug|Win32.ActiveCfg = Debug|Win32
		{3BC19B52-85BF-41CF-B61B-F4C5E44DABAF}.Debug|Win32.Build.0 = Debug|Win32
		{3BC19B52-85BF-41CF-B61B-F4C5E44DABAF}.Debug|x64.ActiveCfg = Debug|x64
		{3BC19B52-85BF-41CF-B61B-F4C5E44DABAF}.Debug|x64.Build.0 = Debug|x64
		{3BC19B52-85BF-41CF-B61B-F4C5E44DABAF}.Release|Win32.ActiveCfg = Release|Win32
		{3BC19B52-85BF-41CF-B61B-F4C5E44DABAF}.Release|Win32.Build.0 = Release|Win32
		{3BC19B52-85BF-41CF-B61B-F4C5E44DABAF}.Release|x64.ActiveCfg = Release|x64
		{3BC19B52-85BF-41CF-B61B-F4C5E44DABAF}.Release|x64.Build.0 = Release|x64
		{96E849C4-2F95-4B2F-B1A6-8CB1D5406C94}.Debug|Win32.ActiveCfg = Debug|Win32
		{96E849C4-2F95-4B2F-B1A6-8CB1D5406C94}.Debug|Win32.Build.0 = Debug|Win32
		{96E849C4-2F95-4B2F-B1A6-8CB1D5406C94}.Debug|x64.ActiveCfg = Debug|x64
		{96E849C4-2F95-4B2F-B1A6-8CB1D5406C94}.Debug|x64.Build.0 = Debug|x64
		{96E849C4-2F95-4B2F-B1A6-8CB1D5406C94}.Release|Win32.ActiveCfg = Release|Win32
		{96E849C4-2F95-4B2F-B1A6-8CB1D5406C94}.Release|Win32.Build.0 = Release|Win32
		{96E849C4-2F95-4B2F-B1A6-8CB1D5406C94}.Release|x64.ActiveCfg = Release|x64
		{96E849C4-2F95-4B2F-B1A6-8CB1D5406C94}.Release|x64.Build.0 = Release|x64
		{CB96A64C-3550-4E31-9A45-486319BD745F}.Debug|Win32.ActiveCfg = Debug|Win32
		{CB96A64C-3550-4E31-9A45-486319BD745F}.Debug|Win32.Build.0 = Debug|Win32
		{CB96A64C-3550-4E31-9A45-486319BD745F}.Debug|x64.ActiveCfg = Debug|x64
		{CB96A64C-3550-4E31-9A45-486319BD745F}.Debug|x64.Build.0 = Debug|x64
		{CB96A64C-3550-4E31-9A45-486319BD745F}.Release|Win32.ActiveCfg = Release|Win32
		{CB96A64C-3550-4E31-9A45-486319BD745F}.Release|Win32.Build.0 = Release|Win32
		{CB96A64C-3550-4E31-9A45-486319BD745F}.Release|x64.ActiveCfg = Release|x64
		{CB96A64C-3550-4E31-9A45-486319BD745F}.Release|x64.Build.0 = Release|x64
		{7E6ACB00-826D-4457-8914-CDDFD5B59DCC}.Debug|Win32.ActiveCfg = Debug|Win32
		{7E6ACB00-826D-4457-8914-CDDFD5B59DCC}.Debug|Win32.Build.0 = Debug|Win32
		{7E6ACB00-826D-4457-8914-CDDFD5B59DCC}.Debug|x64.ActiveCfg = Debug|x64
		{7E6ACB00-826D-4457-8914-CDDFD5B59DCC}.Debug|x64.Build.0 = Debug|x64
		{7E6ACB00-826D-4457-8914-CDDFD5B59DCC}.Release|Win32.ActiveCfg = Release|Win32
		{7E6ACB00-826D-4457-8914-CDDFD5B59DCC}.Release|Win32.Build.0 = Release|Win32
		{7E6ACB00-826D-4457-8914-CDDFD5B59DCC}.Release|x64.ActiveCfg = Release|x64
		{7E6ACB00-826D-4457-8914-CDDFD5B59DCC}.Release|x64.Build.0 = Release|x64
		{0E833182-0539-48DE-B4B6-7755A6D7EC77}.Debug|Win32.ActiveCfg = Debug|Win32
		{0E833182-0539-48DE-B4B6-7755A6D7EC77}.Debug|Win32.Build.0 = Debug|Win32
		{0E833182-0539-48DE-B4B6-7755A6D7EC77}.Debug|x64.ActiveCfg = Debug|x64
		{0E833182-0539-48DE-B4B6-7755A6D7EC77}.Debug|x64.Build.0 = Debug|x64
		{0E833182-0539-48DE-B4B6-7755A6D7EC77}.Release|Win32.ActiveCfg = Release|Win32
		{0E833182-0539-48DE-B4B6-7755A6D7EC77}.Release|Win32.Build.0 = Release|Win32
		{0E833182-0539-48DE-B4B6-7755A6D7EC77}.Release|x64.ActiveCfg = Release|x64
		{0E833182-0539-48DE-B4B6-7755A6D7EC77}.Release|x64.Build.0 = Release|x64
		{8FA001A9-6274-4B34-AD76-49DA7B2D9AD6}.Debug|Win32.ActiveCfg = Debug|Win32
		{8FA001A9-6274-4B34-AD76-49DA7B2D9AD6}.Debug|Win32.Build.0 = Debug|Win32
		{8FA001A9-6274-4B34-AD76-49DA7B2D9AD6}.Debug|x64.ActiveCfg = Debug|x64
		{8FA001A9-6274-4B34-AD76-49DA7B2D9AD6}.Debug|x64.Build.0 = Debug|x64
		{8FA001A9-6274-4B34-AD76-49DA7B2D9AD6}.Release|Win32.ActiveCfg = Release|Win32
		{8FA001A9-6274-4B34-AD76-49DA7B2D9AD6}.Release|Win32.Build.0 = Release|Win32
		{8FA001A9-6274-4B34-AD76-49DA7B2D9AD6}.Release|x64.ActiveCfg = Release|x64
		{8FA001A9-6274-4B34-AD76-49DA7B2D9AD6}.Release|x64.Build.0 = Release|x64
		{304F9867-4AF0-4C70-BAA9-DEF4E7F5C0E1}.Debug|Win32.ActiveCfg = Debug|Win32
		{304F9867-4AF0-4C70-BAA9-DEF4E7F5C0E1}.Debug|Win32.Build.0 = Debug|Win32
		{304F9867-4AF0-4C70-BAA9-DEF4E7F5C0E1}.Debug|x64.ActiveCfg = Debug|x64
		{304F9867-4AF0-4C70-BAA9-DEF4E7F5C0E1}.Debug|x64.Build.0 = Debug|x64
		{304F9867-4AF0-4C70-BAA9-DEF4E7F5C0E1}.Release|Win32.ActiveCfg = Release|Win32
		{304F9867-4AF0-4C70-BAA9-DEF4E7F5C0E1}.Release|Win32.Build.0 = Release|Win32
		{304F9867-4AF0-4C70-BAA9-DEF4E7F5C0E1}.Release|x64.ActiveCfg = Release|x64
		{304F9867-4AF0-4C70-BAA9-DEF4E7F5C0E1}.Release|x64.Build.0 = Release|x64
	EndGlobalSection
	GlobalSection(SolutionProperties) = preSolution
		HideSolutionNode = FALSE
	EndGlobalSection
	GlobalSection(NestedProjects) = preSolution
		{8DF273B3-607D-45F2-A153-8760B44E1041} = {08B640D5-38D2-4676-9D4D-7414767ABD99}
		{43F0E268-3D7A-41FF-BACD-9C2D93256F87} = {08B640D5-38D2-4676-9D4D-7414767ABD99}
		{63069636-56AD-4A3F-A83B-B6A3EA16998A} = {08B640D5-38D2-4676-9D4D-7414767ABD99}
		{E133B172-30B7-4F83-A22C-1712C090C47D} = {08B640D5-38D2-4676-9D4D-7414767ABD99}
		{EB731EF0-9721-4E53-9A49-8CC72E1F504E} = {08B640D5-38D2-4676-9D4D-7414767ABD99}
		{3BC19B52-85BF-41CF-B61B-F4C5E44DABAF} = {08B640D5-38D2-4676-9D4D-7414767ABD99}
		{96E849C4-2F95-4B2F-B1A6-8CB1D5406C94} = {08B640D5-38D2-4676-9D4D-7414767ABD99}
		{CB96A64C-3550-4E31-9A45-486319BD745F} = {08B640D5-38D2-4676-9D4D-7414767ABD99}
		{7E6ACB00-826D-4457-8914-CDDFD5B59DCC} = {08B640D5-38D2-4676-9D4D-7414767ABD99}
		{0E833182-0539-48DE-B4B6-7755A6D7EC77} = {08B640D5-38D2-4676-9D4D-7414767ABD99}
		{8FA001A9-6274-4B34-AD76-49DA7B2D9AD6} = {08B640D5-38D2-4676-9D4D-7414767ABD99}
		{304F9867-4AF0-4C70-BAA9-DEF4E7F5C0E1} = {08B640D5-38D2-4676-9D4D-7414767ABD99}
	EndGlobalSection
EndGlobal
